// !$*UTF8*$!
{
	archiveVersion = 1;
	classes = {
	};
	objectVersion = 46;
	objects = {

/* Begin PBXBuildFile section */
		B6EB0EE91D18702B00E18071 /* AppDelegate.swift in Sources */ = {isa = PBXBuildFile; fileRef = B6EB0EE81D18702B00E18071 /* AppDelegate.swift */; };
		B6EB0EEB1D18702B00E18071 /* ViewController.swift in Sources */ = {isa = PBXBuildFile; fileRef = B6EB0EEA1D18702B00E18071 /* ViewController.swift */; };
		B6EB0EEE1D18702B00E18071 /* Main.storyboard in Resources */ = {isa = PBXBuildFile; fileRef = B6EB0EEC1D18702B00E18071 /* Main.storyboard */; };
		B6EB0EF01D18702B00E18071 /* Assets.xcassets in Resources */ = {isa = PBXBuildFile; fileRef = B6EB0EEF1D18702B00E18071 /* Assets.xcassets */; };
		B6EB0EF31D18702B00E18071 /* LaunchScreen.storyboard in Resources */ = {isa = PBXBuildFile; fileRef = B6EB0EF11D18702B00E18071 /* LaunchScreen.storyboard */; };
/* End PBXBuildFile section */

/* Begin PBXFileReference section */
		B6EB0EE51D18702B00E18071 /* Calculator.app */ = {isa = PBXFileReference; explicitFileType = wrapper.application; includeInIndex = 0; path = Calculator.app; sourceTree = BUILT_PRODUCTS_DIR; };
		B6EB0EE81D18702B00E18071 /* AppDelegate.swift */ = {isa = PBXFileReference; lastKnownFileType = sourcecode.swift; path = AppDelegate.swift; sourceTree = "<group>"; };
		B6EB0EEA1D18702B00E18071 /* ViewController.swift */ = {isa = PBXFileReference; lastKnownFileType = sourcecode.swift; path = ViewController.swift; sourceTree = "<group>"; };
		B6EB0EED1D18702B00E18071 /* Base */ = {isa = PBXFileReference; lastKnownFileType = file.storyboard; name = Base; path = Base.lproj/Main.storyboard; sourceTree = "<group>"; };
		B6EB0EEF1D18702B00E18071 /* Assets.xcassets */ = {isa = PBXFileReference; lastKnownFileType = folder.assetcatalog; path = Assets.xcassets; sourceTree = "<group>"; };
		B6EB0EF21D18702B00E18071 /* Base */ = {isa = PBXFileReference; lastKnownFileType = file.storyboard; name = Base; path = Base.lproj/LaunchScreen.storyboard; sourceTree = "<group>"; };
		B6EB0EF41D18702B00E18071 /* Info.plist */ = {isa = PBXFileReference; lastKnownFileType = text.plist.xml; path = Info.plist; sourceTree = "<group>"; };
/* End PBXFileReference section */

/* Begin PBXFrameworksBuildPhase section */
		B6EB0EE21D18702B00E18071 /* Frameworks */ = {
			isa = PBXFrameworksBuildPhase;
			buildActionMask = 2147483647;
			files = (
			);
			runOnlyForDeploymentPostprocessing = 0;
		};
/* End PBXFrameworksBuildPhase section */

/* Begin PBXGroup section */
		B6EB0EDC1D18702B00E18071 = {
			isa = PBXGroup;
			children = (
				B6EB0EE71D18702B00E18071 /* Calculator */,
				B6EB0EE61D18702B00E18071 /* Products */,
			);
			sourceTree = "<group>";
		};
		B6EB0EE61D18702B00E18071 /* Products */ = {
			isa = PBXGroup;
			children = (
				B6EB0EE51D18702B00E18071 /* Calculator.app */,
			);
			name = Products;
			sourceTree = "<group>";
		};
		B6EB0EE71D18702B00E18071 /* Calculator */ = {
			isa = PBXGroup;
			children = (
				B6EB0EE81D18702B00E18071 /* AppDelegate.swift */,
				B6EB0EEA1D18702B00E18071 /* ViewController.swift */,
				B6EB0EEC1D18702B00E18071 /* Main.storyboard */,
				B6EB0EEF1D18702B00E18071 /* Assets.xcassets */,
				B6EB0EF11D18702B00E18071 /* LaunchScreen.storyboard */,
				B6EB0EF41D18702B00E18071 /* Info.plist */,
			);
			path = Calculator;
			sourceTree = "<group>";
		};
/* End PBXGroup section */

/* Begin PBXNativeTarget section */
		B6EB0EE41D18702B00E18071 /* Calculator */ = {
			isa = PBXNativeTarget;
			buildConfigurationList = B6EB0EF71D18702B00E18071 /* Build configuration list for PBXNativeTarget "Calculator" */;
			buildPhases = (
				B6EB0EE11D18702B00E18071 /* Sources */,
				B6EB0EE21D18702B00E18071 /* Frameworks */,
				B6EB0EE31D18702B00E18071 /* Resources */,
			);
			buildRules = (
			);
			dependencies = (
			);
			name = Calculator;
			productName = Calculator;
			productReference = B6EB0EE51D18702B00E18071 /* Calculator.app */;
			productType = "com.apple.product-type.application";
		};
/* End PBXNativeTarget section */

/* Begin PBXProject section */
		B6EB0EDD1D18702B00E18071 /* Project object */ = {
			isa = PBXProject;
			attributes = {
				LastSwiftUpdateCheck = 0730;
				LastUpgradeCheck = 0730;
				ORGANIZATIONNAME = "Marcio Nicolau";
				TargetAttributes = {
					B6EB0EE41D18702B00E18071 = {
						CreatedOnToolsVersion = 7.3.1;
						DevelopmentTeam = 452XRK7K2T;
					};
				};
			};
			buildConfigurationList = B6EB0EE01D18702B00E18071 /* Build configuration list for PBXProject "Calculator" */;
			compatibilityVersion = "Xcode 3.2";
			developmentRegion = English;
			hasScannedForEncodings = 0;
			knownRegions = (
				en,
				Base,
			);
			mainGroup = B6EB0EDC1D18702B00E18071;
			productRefGroup = B6EB0EE61D18702B00E18071 /* Products */;
			projectDirPath = "";
			projectRoot = "";
			targets = (
				B6EB0EE41D18702B00E18071 /* Calculator */,
			);
		};
/* End PBXProject section */

/* Begin PBXResourcesBuildPhase section */
		B6EB0EE31D18702B00E18071 /* Resources */ = {
			isa = PBXResourcesBuildPhase;
			buildActionMask = 2147483647;
			files = (
				B6EB0EF31D18702B00E18071 /* LaunchScreen.storyboard in Resources */,
				B6EB0EF01D18702B00E18071 /* Assets.xcassets in Resources */,
				B6EB0EEE1D18702B00E18071 /* Main.storyboard in Resources */,
			);
			runOnlyForDeploymentPostprocessing = 0;
		};
/* End PBXResourcesBuildPhase section */

/* Begin PBXSourcesBuildPhase section */
		B6EB0EE11D18702B00E18071 /* Sources */ = {
			isa = PBXSourcesBuildPhase;
			buildActionMask = 2147483647;
			files = (
				B6EB0EEB1D18702B00E18071 /* ViewController.swift in Sources */,
				B6EB0EE91D18702B00E18071 /* AppDelegate.swift in Sources */,
			);
			runOnlyForDeploymentPostprocessing = 0;
		};
/* End PBXSourcesBuildPhase section */

/* Begin PBXVariantGroup section */
		B6EB0EEC1D18702B00E18071 /* Main.storyboard */ = {
			isa = PBXVariantGroup;
			children = (
				B6EB0EED1D18702B00E18071 /* Base */,
			);
			name = Main.storyboard;
			sourceTree = "<group>";
		};
		B6EB0EF11D18702B00E18071 /* LaunchScreen.storyboard */ = {
			isa = PBXVariantGroup;
			children = (
				B6EB0EF21D18702B00E18071 /* Base */,
			);
			name = LaunchScreen.storyboard;
			sourceTree = "<group>";
		};
/* End PBXVariantGroup section */

/* Begin XCBuildConfiguration section */
		B6EB0EF51D18702B00E18071 /* Debug */ = {
			isa = XCBuildConfiguration;
			buildSettings = {
				ALWAYS_SEARCH_USER_PATHS = NO;
				CLANG_ANALYZER_NONNULL = YES;
				CLANG_CXX_LANGUAGE_STANDARD = "gnu++0x";
				CLANG_CXX_LIBRARY = "libc++";
				CLANG_ENABLE_MODULES = YES;
				CLANG_ENABLE_OBJC_ARC = YES;
				CLANG_WARN_BOOL_CONVERSION = YES;
				CLANG_WARN_CONSTANT_CONVERSION = YES;
				CLANG_WARN_DIRECT_OBJC_ISA_USAGE = YES_ERROR;
				CLANG_WARN_EMPTY_BODY = YES;
				CLANG_WARN_ENUM_CONVERSION = YES;
				CLANG_WARN_INT_CONVERSION = YES;
				CLANG_WARN_OBJC_ROOT_CLASS = YES_ERROR;
				CLANG_WARN_UNREACHABLE_CODE = YES;
				CLANG_WARN__DUPLICATE_METHOD_MATCH = YES;
				"CODE_SIGN_IDENTITY[sdk=iphoneos*]" = "iPhone Developer";
				COPY_PHASE_STRIP = NO;
				DEBUG_INFORMATION_FORMAT = dwarf;
				ENABLE_STRICT_OBJC_MSGSEND = YES;
				ENABLE_TESTABILITY = YES;
				GCC_C_LANGUAGE_STANDARD = gnu99;
				GCC_DYNAMIC_NO_PIC = NO;
				GCC_NO_COMMON_BLOCKS = YES;
				GCC_OPTIMIZATION_LEVEL = 0;
				GCC_PREPROCESSOR_DEFINITIONS = (
					"DEBUG=1",
					"$(inherited)",
				);
				GCC_WARN_64_TO_32_BIT_CONVERSION = YES;
				GCC_WARN_ABOUT_RETURN_TYPE = YES_ERROR;
				GCC_WARN_UNDECLARED_SELECTOR = YES;
				GCC_WARN_UNINITIALIZED_AUTOS = YES_AGGRESSIVE;
				GCC_WARN_UNUSED_FUNCTION = YES;
				GCC_WARN_UNUSED_VARIABLE = YES;
				IPHONEOS_DEPLOYMENT_TARGET = 9.3;
				MTL_ENABLE_DEBUG_INFO = YES;
				ONLY_ACTIVE_ARCH = YES;
				SDKROOT = iphoneos;
				SWIFT_OPTIMIZATION_LEVEL = "-Onone";
				TARGETED_DEVICE_FAMILY = "1,2";
			};
			name = Debug;
		};
		B6EB0EF61D18702B00E18071 /* Release */ = {
			isa = XCBuildConfiguration;
			buildSettings = {
				ALWAYS_SEARCH_USER_PATHS = NO;
				CLANG_ANALYZER_NONNULL = YES;
				CLANG_CXX_LANGUAGE_STANDARD = "gnu++0x";
				CLANG_CXX_LIBRARY = "libc++";
				CLANG_ENABLE_MODULES = YES;
				CLANG_ENABLE_OBJC_ARC = YES;
				CLANG_WARN_BOOL_CONVERSION = YES;
				CLANG_WARN_CONSTANT_CONVERSION = YES;
				CLANG_WARN_DIRECT_OBJC_ISA_USAGE = YES_ERROR;
				CLANG_WARN_EMPTY_BODY = YES;
				CLANG_WARN_ENUM_CONVERSION = YES;
				CLANG_WARN_INT_CONVERSION = YES;
				CLANG_WARN_OBJC_ROOT_CLASS = YES_ERROR;
				CLANG_WARN_UNREACHABLE_CODE = YES;
				CLANG_WARN__DUPLICATE_METHOD_MATCH = YES;
				"CODE_SIGN_IDENTITY[sdk=iphoneos*]" = "iPhone Developer";
				COPY_PHASE_STRIP = NO;
				DEBUG_INFORMATION_FORMAT = "dwarf-with-dsym";
				ENABLE_NS_ASSERTIONS = NO;
				ENABLE_STRICT_OBJC_MSGSEND = YES;
				GCC_C_LANGUAGE_STANDARD = gnu99;
				GCC_NO_COMMON_BLOCKS = YES;
				GCC_WARN_64_TO_32_BIT_CONVERSION = YES;
				GCC_WARN_ABOUT_RETURN_TYPE = YES_ERROR;
				GCC_WARN_UNDECLARED_SELECTOR = YES;
				GCC_WARN_UNINITIALIZED_AUTOS = YES_AGGRESSIVE;
				GCC_WARN_UNUSED_FUNCTION = YES;
				GCC_WARN_UNUSED_VARIABLE = YES;
				IPHONEOS_DEPLOYMENT_TARGET = 9.3;
				MTL_ENABLE_DEBUG_INFO = NO;
				SDKROOT = iphoneos;
				TARGETED_DEVICE_FAMILY = "1,2";
				VALIDATE_PRODUCT = YES;
			};
			name = Release;
		};
		B6EB0EF81D18702B00E18071 /* Debug */ = {
			isa = XCBuildConfiguration;
			buildSettings = {
				ASSETCATALOG_COMPILER_APPICON_NAME = AppIcon;
				INFOPLIST_FILE = Calculator/Info.plist;
				LD_RUNPATH_SEARCH_PATHS = "$(inherited) @executable_path/Frameworks";
				PRODUCT_BUNDLE_IDENTIFIER = br.embrapa.cnpt.Calculator;
				PRODUCT_NAME = "$(TARGET_NAME)";
			};
			name = Debug;
		};
		B6EB0EF91D18702B00E18071 /* Release */ = {
			isa = XCBuildConfiguration;
			buildSettings = {
				ASSETCATALOG_COMPILER_APPICON_NAME = AppIcon;
				INFOPLIST_FILE = Calculator/Info.plist;
				LD_RUNPATH_SEARCH_PATHS = "$(inherited) @executable_path/Frameworks";
				PRODUCT_BUNDLE_IDENTIFIER = br.embrapa.cnpt.Calculator;
				PRODUCT_NAME = "$(TARGET_NAME)";
			};
			name = Release;
		};
/* End XCBuildConfiguration section */

/* Begin XCConfigurationList section */
		B6EB0EE01D18702B00E18071 /* Build configuration list for PBXProject "Calculator" */ = {
			isa = XCConfigurationList;
			buildConfigurations = (
				B6EB0EF51D18702B00E18071 /* Debug */,
				B6EB0EF61D18702B00E18071 /* Release */,
			);
			defaultConfigurationIsVisible = 0;
			defaultConfigurationName = Release;
		};
		B6EB0EF71D18702B00E18071 /* Build configuration list for PBXNativeTarget "Calculator" */ = {
			isa = XCConfigurationList;
			buildConfigurations = (
				B6EB0EF81D18702B00E18071 /* Debug */,
				B6EB0EF91D18702B00E18071 /* Release */,
			);
			defaultConfigurationIsVisible = 0;
		};
/* End XCConfigurationList section */
	};
	rootObject = B6EB0EDD1D18702B00E18071 /* Project object */;
}
